
Microsoft Visual Studio Solution File, Format Version 12.00
# Visual Studio Version 17
VisualStudioVersion = 17.12.35707.178
MinimumVisualStudioVersion = 10.0.40219.1
Project("{2150E333-8FDC-42A3-9474-1A3956D46DE8}") = "Src", "Src", "{E56CB9E7-EDAF-4A69-AC18-F4F4AA63CA20}"
EndProject
Project("{2150E333-8FDC-42A3-9474-1A3956D46DE8}") = "BuildingBlocks", "BuildingBlocks", "{76EC527B-475D-4A75-8E5B-617E3DDBA253}"
EndProject
Project("{FAE04EC0-301F-11D3-BF4B-00C04F79EFBC}") = "BuildingBlock", "Src\BuildingBlocks\BuildingBlock\BuildingBlock.csproj", "{FD1F623B-5F88-448D-AF70-0FEC15894FC7}"
EndProject
Project("{FAE04EC0-301F-11D3-BF4B-00C04F79EFBC}") = "BuildingBlockMessaging", "Src\BuildingBlocks\BuildingBlockMessaging\BuildingBlockMessaging.csproj", "{68AFF7A5-8DC8-4EB9-8C22-36E9DA728FBD}"
EndProject
Project("{2150E333-8FDC-42A3-9474-1A3956D46DE8}") = "Services", "Services", "{B501A6B5-F51C-4FD8-9D3A-BCC6A248953E}"
EndProject
Project("{FAE04EC0-301F-11D3-BF4B-00C04F79EFBC}") = "BasketAPI", "Src\Services\BasketAPI\BasketAPI.csproj", "{823943C0-0336-45FF-9BB0-B403F4BD3C90}"
EndProject
Project("{FAE04EC0-301F-11D3-BF4B-00C04F79EFBC}") = "CatalogAPI", "Src\Services\CatalogAPI\CatalogAPI.csproj", "{F5EC3453-56EC-4D85-B33C-422857CF06C6}"
EndProject
Project("{FAE04EC0-301F-11D3-BF4B-00C04F79EFBC}") = "DiscountGrpc", "Src\Services\DiscountGrpc\DiscountGrpc.csproj", "{4528DA5A-2F60-4987-97C1-DB01B8901E43}"
EndProject
Project("{E53339B2-1760-4266-BCC7-CA923CBCF16C}") = "docker-compose", "docker-compose.dcproj", "{571FE49E-6D90-46FC-AB50-B592593BCC03}"
EndProject
Project("{2150E333-8FDC-42A3-9474-1A3956D46DE8}") = "Tests", "Tests", "{D18F4AB7-8DA9-47FE-AFC1-DA37FFFC4129}"
EndProject
Project("{FAE04EC0-301F-11D3-BF4B-00C04F79EFBC}") = "ECommerce_Tests", "Tests\ECommerce_Tests\ECommerce_Tests.csproj", "{7DA273E6-FEBF-450D-B26E-375E33605A77}"
EndProject
Project("{2150E333-8FDC-42A3-9474-1A3956D46DE8}") = "Basket", "Basket", "{9C4182F1-E8BE-486A-9E44-56C60452FB1A}"
EndProject
Project("{2150E333-8FDC-42A3-9474-1A3956D46DE8}") = "Catalog", "Catalog", "{1B73D1AB-E410-43F7-9FF4-2D1849D21027}"
EndProject
Project("{2150E333-8FDC-42A3-9474-1A3956D46DE8}") = "Discount", "Discount", "{59395971-3DFB-449A-B5CD-D3D6CFEAB079}"
EndProject
Project("{2150E333-8FDC-42A3-9474-1A3956D46DE8}") = "Order", "Order", "{95FAAC0E-DB4B-46EF-BC6A-F52964BF30DC}"
EndProject
Project("{FAE04EC0-301F-11D3-BF4B-00C04F79EFBC}") = "Order.API", "Src\Services\Order\Order.API\Order.API.csproj", "{9526D98D-0C0B-4196-8B76-4E4752A1F4CA}"
EndProject
Project("{FAE04EC0-301F-11D3-BF4B-00C04F79EFBC}") = "Order.Application", "Src\Services\Order\Order.Application\Order.Application.csproj", "{3B69E558-DF8E-4A9B-8921-4D5C42D6044C}"
EndProject
Project("{FAE04EC0-301F-11D3-BF4B-00C04F79EFBC}") = "Order.Domain", "Src\Services\Order\Order.Domain\Order.Domain.csproj", "{4D6FC9E9-8DD1-469B-B638-EBB29759D7BD}"
EndProject
Project("{FAE04EC0-301F-11D3-BF4B-00C04F79EFBC}") = "Order.Infrastructure", "Src\Services\Order\Order.Infrastructure\Order.Infrastructure.csproj", "{A841CE6D-B5CD-433C-A833-878213BEC60C}"
EndProject
Global
	GlobalSection(SolutionConfigurationPlatforms) = preSolution
		Debug|Any CPU = Debug|Any CPU
		Release|Any CPU = Release|Any CPU
	EndGlobalSection
	GlobalSection(ProjectConfigurationPlatforms) = postSolution
		{FD1F623B-5F88-448D-AF70-0FEC15894FC7}.Debug|Any CPU.ActiveCfg = Debug|Any CPU
		{FD1F623B-5F88-448D-AF70-0FEC15894FC7}.Debug|Any CPU.Build.0 = Debug|Any CPU
		{FD1F623B-5F88-448D-AF70-0FEC15894FC7}.Release|Any CPU.ActiveCfg = Release|Any CPU
		{FD1F623B-5F88-448D-AF70-0FEC15894FC7}.Release|Any CPU.Build.0 = Release|Any CPU
		{68AFF7A5-8DC8-4EB9-8C22-36E9DA728FBD}.Debug|Any CPU.ActiveCfg = Debug|Any CPU
		{68AFF7A5-8DC8-4EB9-8C22-36E9DA728FBD}.Debug|Any CPU.Build.0 = Debug|Any CPU
		{68AFF7A5-8DC8-4EB9-8C22-36E9DA728FBD}.Release|Any CPU.ActiveCfg = Release|Any CPU
		{68AFF7A5-8DC8-4EB9-8C22-36E9DA728FBD}.Release|Any CPU.Build.0 = Release|Any CPU
		{823943C0-0336-45FF-9BB0-B403F4BD3C90}.Debug|Any CPU.ActiveCfg = Debug|Any CPU
		{823943C0-0336-45FF-9BB0-B403F4BD3C90}.Debug|Any CPU.Build.0 = Debug|Any CPU
		{823943C0-0336-45FF-9BB0-B403F4BD3C90}.Release|Any CPU.ActiveCfg = Release|Any CPU
		{823943C0-0336-45FF-9BB0-B403F4BD3C90}.Release|Any CPU.Build.0 = Release|Any CPU
		{F5EC3453-56EC-4D85-B33C-422857CF06C6}.Debug|Any CPU.ActiveCfg = Debug|Any CPU
		{F5EC3453-56EC-4D85-B33C-422857CF06C6}.Debug|Any CPU.Build.0 = Debug|Any CPU
		{F5EC3453-56EC-4D85-B33C-422857CF06C6}.Release|Any CPU.ActiveCfg = Release|Any CPU
		{F5EC3453-56EC-4D85-B33C-422857CF06C6}.Release|Any CPU.Build.0 = Release|Any CPU
		{4528DA5A-2F60-4987-97C1-DB01B8901E43}.Debug|Any CPU.ActiveCfg = Debug|Any CPU
		{4528DA5A-2F60-4987-97C1-DB01B8901E43}.Debug|Any CPU.Build.0 = Debug|Any CPU
		{4528DA5A-2F60-4987-97C1-DB01B8901E43}.Release|Any CPU.ActiveCfg = Release|Any CPU
		{4528DA5A-2F60-4987-97C1-DB01B8901E43}.Release|Any CPU.Build.0 = Release|Any CPU
		{571FE49E-6D90-46FC-AB50-B592593BCC03}.Debug|Any CPU.ActiveCfg = Debug|Any CPU
		{571FE49E-6D90-46FC-AB50-B592593BCC03}.Debug|Any CPU.Build.0 = Debug|Any CPU
		{571FE49E-6D90-46FC-AB50-B592593BCC03}.Release|Any CPU.ActiveCfg = Release|Any CPU
		{571FE49E-6D90-46FC-AB50-B592593BCC03}.Release|Any CPU.Build.0 = Release|Any CPU
		{7DA273E6-FEBF-450D-B26E-375E33605A77}.Debug|Any CPU.ActiveCfg = Debug|Any CPU
		{7DA273E6-FEBF-450D-B26E-375E33605A77}.Debug|Any CPU.Build.0 = Debug|Any CPU
		{7DA273E6-FEBF-450D-B26E-375E33605A77}.Release|Any CPU.ActiveCfg = Release|Any CPU
		{7DA273E6-FEBF-450D-B26E-375E33605A77}.Release|Any CPU.Build.0 = Release|Any CPU
		{9526D98D-0C0B-4196-8B76-4E4752A1F4CA}.Debug|Any CPU.ActiveCfg = Debug|Any CPU
		{9526D98D-0C0B-4196-8B76-4E4752A1F4CA}.Debug|Any CPU.Build.0 = Debug|Any CPU
		{9526D98D-0C0B-4196-8B76-4E4752A1F4CA}.Release|Any CPU.ActiveCfg = Release|Any CPU
		{9526D98D-0C0B-4196-8B76-4E4752A1F4CA}.Release|Any CPU.Build.0 = Release|Any CPU
		{3B69E558-DF8E-4A9B-8921-4D5C42D6044C}.Debug|Any CPU.ActiveCfg = Debug|Any CPU
		{3B69E558-DF8E-4A9B-8921-4D5C42D6044C}.Debug|Any CPU.Build.0 = Debug|Any CPU
		{3B69E558-DF8E-4A9B-8921-4D5C42D6044C}.Release|Any CPU.ActiveCfg = Release|Any CPU
		{3B69E558-DF8E-4A9B-8921-4D5C42D6044C}.Release|Any CPU.Build.0 = Release|Any CPU
		{4D6FC9E9-8DD1-469B-B638-EBB29759D7BD}.Debug|Any CPU.ActiveCfg = Debug|Any CPU
		{4D6FC9E9-8DD1-469B-B638-EBB29759D7BD}.Debug|Any CPU.Build.0 = Debug|Any CPU
		{4D6FC9E9-8DD1-469B-B638-EBB29759D7BD}.Release|Any CPU.ActiveCfg = Release|Any CPU
		{4D6FC9E9-8DD1-469B-B638-EBB29759D7BD}.Release|Any CPU.Build.0 = Release|Any CPU
		{A841CE6D-B5CD-433C-A833-878213BEC60C}.Debug|Any CPU.ActiveCfg = Debug|Any CPU
		{A841CE6D-B5CD-433C-A833-878213BEC60C}.Debug|Any CPU.Build.0 = Debug|Any CPU
		{A841CE6D-B5CD-433C-A833-878213BEC60C}.Release|Any CPU.ActiveCfg = Release|Any CPU
		{A841CE6D-B5CD-433C-A833-878213BEC60C}.Release|Any CPU.Build.0 = Release|Any CPU
	EndGlobalSection
	GlobalSection(SolutionProperties) = preSolution
		HideSolutionNode = FALSE
	EndGlobalSection
	GlobalSection(NestedProjects) = preSolution
		{76EC527B-475D-4A75-8E5B-617E3DDBA253} = {E56CB9E7-EDAF-4A69-AC18-F4F4AA63CA20}
		{FD1F623B-5F88-448D-AF70-0FEC15894FC7} = {76EC527B-475D-4A75-8E5B-617E3DDBA253}
		{68AFF7A5-8DC8-4EB9-8C22-36E9DA728FBD} = {76EC527B-475D-4A75-8E5B-617E3DDBA253}
		{B501A6B5-F51C-4FD8-9D3A-BCC6A248953E} = {E56CB9E7-EDAF-4A69-AC18-F4F4AA63CA20}
		{823943C0-0336-45FF-9BB0-B403F4BD3C90} = {9C4182F1-E8BE-486A-9E44-56C60452FB1A}
		{F5EC3453-56EC-4D85-B33C-422857CF06C6} = {1B73D1AB-E410-43F7-9FF4-2D1849D21027}
		{4528DA5A-2F60-4987-97C1-DB01B8901E43} = {59395971-3DFB-449A-B5CD-D3D6CFEAB079}
		{7DA273E6-FEBF-450D-B26E-375E33605A77} = {D18F4AB7-8DA9-47FE-AFC1-DA37FFFC4129}
		{9C4182F1-E8BE-486A-9E44-56C60452FB1A} = {B501A6B5-F51C-4FD8-9D3A-BCC6A248953E}
		{1B73D1AB-E410-43F7-9FF4-2D1849D21027} = {B501A6B5-F51C-4FD8-9D3A-BCC6A248953E}
		{59395971-3DFB-449A-B5CD-D3D6CFEAB079} = {B501A6B5-F51C-4FD8-9D3A-BCC6A248953E}
		{95FAAC0E-DB4B-46EF-BC6A-F52964BF30DC} = {B501A6B5-F51C-4FD8-9D3A-BCC6A248953E}
		{9526D98D-0C0B-4196-8B76-4E4752A1F4CA} = {95FAAC0E-DB4B-46EF-BC6A-F52964BF30DC}
		{3B69E558-DF8E-4A9B-8921-4D5C42D6044C} = {95FAAC0E-DB4B-46EF-BC6A-F52964BF30DC}
		{4D6FC9E9-8DD1-469B-B638-EBB29759D7BD} = {95FAAC0E-DB4B-46EF-BC6A-F52964BF30DC}
		{A841CE6D-B5CD-433C-A833-878213BEC60C} = {95FAAC0E-DB4B-46EF-BC6A-F52964BF30DC}
	EndGlobalSection
EndGlobal
